
Microsoft Visual Studio Solution File, Format Version 12.00
# Visual Studio Version 17
VisualStudioVersion = 17.9.34622.214
MinimumVisualStudioVersion = 10.0.40219.1
Project("{FAE04EC0-301F-11D3-BF4B-00C04F79EFBC}") = "LinearEquationResolver", "LinearEquationResolver\LinearEquationResolver.csproj", "{A8518BA5-EE04-4538-9613-E0BD5AF1449D}"
EndProject
Global
	GlobalSection(SolutionConfigurationPlatforms) = preSolution
		Debug|Any CPU = Debug|Any CPU
		Release|Any CPU = Release|Any CPU
	EndGlobalSection
	GlobalSection(ProjectConfigurationPlatforms) = postSolution
		{A8518BA5-EE04-4538-9613-E0BD5AF1449D}.Debug|Any CPU.ActiveCfg = Debug|Any CPU
		{A8518BA5-EE04-4538-9613-E0BD5AF1449D}.Debug|Any CPU.Build.0 = Debug|Any CPU
		{A8518BA5-EE04-4538-9613-E0BD5AF1449D}.Release|Any CPU.ActiveCfg = Release|Any CPU
		{A8518BA5-EE04-4538-9613-E0BD5AF1449D}.Release|Any CPU.Build.0 = Release|Any CPU
	EndGlobalSection
	GlobalSection(SolutionProperties) = preSolution
		HideSolutionNode = FALSE
	EndGlobalSection
	GlobalSection(ExtensibilityGlobals) = postSolution
		SolutionGuid = {E9D0C2B2-8C83-4E99-9B7B-8E9817349891}
	EndGlobalSection
EndGlobal
